{
  "name": "xplat-icons",
  "version": "1.0.1",
  "lockfileVersion": 3,
  "requires": true,
  "packages": {
    "": {
      "name": "xplat-icons",
      "version": "1.0.1",
      "license": "MIT",
      "bin": {
        "xplat-icons": "dist/cli.js"
      },
      "engines": {
        "bun": ">=1.4.0"
      },
      "funding": {
        "type": "github",
        "url": "https://github.com/sponsors/sator-imaging"
      }
    }
  }
}
